
Microsoft Visual Studio Solution File, Format Version 12.00
# Visual Studio Version 16
VisualStudioVersion = 16.0.31515.178
MinimumVisualStudioVersion = 10.0.40219.1
Project("{FAE04EC0-301F-11D3-BF4B-00C04F79EFBC}") = "HandsOnArrays", "HandsOnArrays.csproj", "{E7A4AD47-37FF-4C12-A39D-8B0B0848F377}"
EndProject
Global
	GlobalSection(SolutionConfigurationPlatforms) = preSolution
		Debug|Any CPU = Debug|Any CPU
		Release|Any CPU = Release|Any CPU
	EndGlobalSection
	GlobalSection(ProjectConfigurationPlatforms) = postSolution
		{E7A4AD47-37FF-4C12-A39D-8B0B0848F377}.Debug|Any CPU.ActiveCfg = Debug|Any CPU
		{E7A4AD47-37FF-4C12-A39D-8B0B0848F377}.Debug|Any CPU.Build.0 = Debug|Any CPU
		{E7A4AD47-37FF-4C12-A39D-8B0B0848F377}.Release|Any CPU.ActiveCfg = Release|Any CPU
		{E7A4AD47-37FF-4C12-A39D-8B0B0848F377}.Release|Any CPU.Build.0 = Release|Any CPU
	EndGlobalSection
	GlobalSection(SolutionProperties) = preSolution
		HideSolutionNode = FALSE
	EndGlobalSection
	GlobalSection(ExtensibilityGlobals) = postSolution
		SolutionGuid = {762D2A8A-B21B-4574-84EA-A08F05E14082}
	EndGlobalSection
EndGlobal
